
Microsoft Visual Studio Solution File, Format Version 12.00
# Visual Studio Version 16
VisualStudioVersion = 16.0.33801.447
MinimumVisualStudioVersion = 10.0.40219.1
Project("{FAE04EC0-301F-11D3-BF4B-00C04F79EFBC}") = "Project01", "Project01\Project01.csproj", "{009EE566-387C-4183-B4E1-2341C688AF66}"
EndProject
Global
	GlobalSection(SolutionConfigurationPlatforms) = preSolution
		Debug|Any CPU = Debug|Any CPU
		Release|Any CPU = Release|Any CPU
	EndGlobalSection
	GlobalSection(ProjectConfigurationPlatforms) = postSolution
		{009EE566-387C-4183-B4E1-2341C688AF66}.Debug|Any CPU.ActiveCfg = Debug|Any CPU
		{009EE566-387C-4183-B4E1-2341C688AF66}.Debug|Any CPU.Build.0 = Debug|Any CPU
		{009EE566-387C-4183-B4E1-2341C688AF66}.Release|Any CPU.ActiveCfg = Release|Any CPU
		{009EE566-387C-4183-B4E1-2341C688AF66}.Release|Any CPU.Build.0 = Release|Any CPU
	EndGlobalSection
	GlobalSection(SolutionProperties) = preSolution
		HideSolutionNode = FALSE
	EndGlobalSection
	GlobalSection(ExtensibilityGlobals) = postSolution
		SolutionGuid = {5D3A97A8-F249-4721-9B56-C741EA5DCE5E}
	EndGlobalSection
EndGlobal
